
Microsoft Visual Studio Solution File, Format Version 12.00
# Visual Studio Version 17
VisualStudioVersion = 17.1.32319.34
MinimumVisualStudioVersion = 10.0.40219.1
Project("{9A19103F-16F7-4668-BE54-9A1E7A4F7556}") = "Course me", "Course me\Course me.csproj", "{F7352D3E-9C8B-4FE2-BB8C-3E27CF4D5195}"
EndProject
Project("{FAE04EC0-301F-11D3-BF4B-00C04F79EFBC}") = "Domain", "Domain\Domain.csproj", "{565F57CF-7583-4E70-B9CD-488872CBFFA8}"
EndProject
Project("{FAE04EC0-301F-11D3-BF4B-00C04F79EFBC}") = "DataAccess", "DataAccess\DataAccess.csproj", "{227E1B46-AAF0-409C-B0DF-B1170E490D68}"
EndProject
Project("{FAE04EC0-301F-11D3-BF4B-00C04F79EFBC}") = "BusinessLogic", "BusinessLogic\BusinessLogic.csproj", "{2986AD0E-12D4-4BA5-9A6A-8CC41FA28001}"
EndProject
Global
	GlobalSection(SolutionConfigurationPlatforms) = preSolution
		Debug|Any CPU = Debug|Any CPU
		Release|Any CPU = Release|Any CPU
	EndGlobalSection
	GlobalSection(ProjectConfigurationPlatforms) = postSolution
		{F7352D3E-9C8B-4FE2-BB8C-3E27CF4D5195}.Debug|Any CPU.ActiveCfg = Debug|Any CPU
		{F7352D3E-9C8B-4FE2-BB8C-3E27CF4D5195}.Debug|Any CPU.Build.0 = Debug|Any CPU
		{F7352D3E-9C8B-4FE2-BB8C-3E27CF4D5195}.Release|Any CPU.ActiveCfg = Release|Any CPU
		{F7352D3E-9C8B-4FE2-BB8C-3E27CF4D5195}.Release|Any CPU.Build.0 = Release|Any CPU
		{565F57CF-7583-4E70-B9CD-488872CBFFA8}.Debug|Any CPU.ActiveCfg = Debug|Any CPU
		{565F57CF-7583-4E70-B9CD-488872CBFFA8}.Debug|Any CPU.Build.0 = Debug|Any CPU
		{565F57CF-7583-4E70-B9CD-488872CBFFA8}.Release|Any CPU.ActiveCfg = Release|Any CPU
		{565F57CF-7583-4E70-B9CD-488872CBFFA8}.Release|Any CPU.Build.0 = Release|Any CPU
		{227E1B46-AAF0-409C-B0DF-B1170E490D68}.Debug|Any CPU.ActiveCfg = Debug|Any CPU
		{227E1B46-AAF0-409C-B0DF-B1170E490D68}.Debug|Any CPU.Build.0 = Debug|Any CPU
		{227E1B46-AAF0-409C-B0DF-B1170E490D68}.Release|Any CPU.ActiveCfg = Release|Any CPU
		{227E1B46-AAF0-409C-B0DF-B1170E490D68}.Release|Any CPU.Build.0 = Release|Any CPU
		{2986AD0E-12D4-4BA5-9A6A-8CC41FA28001}.Debug|Any CPU.ActiveCfg = Debug|Any CPU
		{2986AD0E-12D4-4BA5-9A6A-8CC41FA28001}.Debug|Any CPU.Build.0 = Debug|Any CPU
		{2986AD0E-12D4-4BA5-9A6A-8CC41FA28001}.Release|Any CPU.ActiveCfg = Release|Any CPU
		{2986AD0E-12D4-4BA5-9A6A-8CC41FA28001}.Release|Any CPU.Build.0 = Release|Any CPU
	EndGlobalSection
	GlobalSection(SolutionProperties) = preSolution
		HideSolutionNode = FALSE
	EndGlobalSection
	GlobalSection(ExtensibilityGlobals) = postSolution
		SolutionGuid = {70302D7B-2C44-4032-8627-9F02858B60FC}
	EndGlobalSection
EndGlobal
